
Microsoft Visual Studio Solution File, Format Version 12.00
# Visual Studio Version 16
VisualStudioVersion = 16.0.30804.86
MinimumVisualStudioVersion = 10.0.40219.1
Project("{FAE04EC0-301F-11D3-BF4B-00C04F79EFBC}") = "RemoteAdvisor", "RemoteAdvisor\RemoteAdvisor.csproj", "{2BDA232E-83A7-4FBF-AAB4-16E75AF66B92}"
EndProject
Global
	GlobalSection(SolutionConfigurationPlatforms) = preSolution
		Debug|Any CPU = Debug|Any CPU
		Release|Any CPU = Release|Any CPU
	EndGlobalSection
	GlobalSection(ProjectConfigurationPlatforms) = postSolution
		{2BDA232E-83A7-4FBF-AAB4-16E75AF66B92}.Debug|Any CPU.ActiveCfg = Debug|Any CPU
		{2BDA232E-83A7-4FBF-AAB4-16E75AF66B92}.Debug|Any CPU.Build.0 = Debug|Any CPU
		{2BDA232E-83A7-4FBF-AAB4-16E75AF66B92}.Release|Any CPU.ActiveCfg = Release|Any CPU
		{2BDA232E-83A7-4FBF-AAB4-16E75AF66B92}.Release|Any CPU.Build.0 = Release|Any CPU
	EndGlobalSection
	GlobalSection(SolutionProperties) = preSolution
		HideSolutionNode = FALSE
	EndGlobalSection
	GlobalSection(ExtensibilityGlobals) = postSolution
		SolutionGuid = {C134631C-00F4-4220-9F1F-63646776979C}
	EndGlobalSection
EndGlobal
